// !$*UTF8*$!
{
	archiveVersion = 1;
	classes = {
	};
	objectVersion = 50;
	objects = {

/* Begin PBXBuildFile section */
		920927652BA3FB2A29C9494E /* Pods_revflix.framework in Frameworks */ = {isa = PBXBuildFile; fileRef = 50B5B79A1F479EA4AC8052F5 /* Pods_revflix.framework */; };
		FC5A778126025B9C0073AB4C /* AppDelegate.swift in Sources */ = {isa = PBXBuildFile; fileRef = FC5A778026025B9C0073AB4C /* AppDelegate.swift */; };
		FC5A778326025B9C0073AB4C /* SceneDelegate.swift in Sources */ = {isa = PBXBuildFile; fileRef = FC5A778226025B9C0073AB4C /* SceneDelegate.swift */; };
		FC5A778526025B9C0073AB4C /* ViewController.swift in Sources */ = {isa = PBXBuildFile; fileRef = FC5A778426025B9C0073AB4C /* ViewController.swift */; };
		FC5A778826025B9C0073AB4C /* Main.storyboard in Resources */ = {isa = PBXBuildFile; fileRef = FC5A778626025B9C0073AB4C /* Main.storyboard */; };
		FC5A778A26025B9C0073AB4C /* Assets.xcassets in Resources */ = {isa = PBXBuildFile; fileRef = FC5A778926025B9C0073AB4C /* Assets.xcassets */; };
		FC5A778D26025B9C0073AB4C /* LaunchScreen.storyboard in Resources */ = {isa = PBXBuildFile; fileRef = FC5A778B26025B9C0073AB4C /* LaunchScreen.storyboard */; };
/* End PBXBuildFile section */

/* Begin PBXFileReference section */
		50B5B79A1F479EA4AC8052F5 /* Pods_revflix.framework */ = {isa = PBXFileReference; explicitFileType = wrapper.framework; includeInIndex = 0; path = Pods_revflix.framework; sourceTree = BUILT_PRODUCTS_DIR; };
		DC432720EF26616560EB1BF4 /* Pods-revflix.debug.xcconfig */ = {isa = PBXFileReference; includeInIndex = 1; lastKnownFileType = text.xcconfig; name = "Pods-revflix.debug.xcconfig"; path = "Target Support Files/Pods-revflix/Pods-revflix.debug.xcconfig"; sourceTree = "<group>"; };
		E33A0190B06688175081749F /* Pods-revflix.release.xcconfig */ = {isa = PBXFileReference; includeInIndex = 1; lastKnownFileType = text.xcconfig; name = "Pods-revflix.release.xcconfig"; path = "Target Support Files/Pods-revflix/Pods-revflix.release.xcconfig"; sourceTree = "<group>"; };
		FC5A777D26025B9C0073AB4C /* revflix.app */ = {isa = PBXFileReference; explicitFileType = wrapper.application; includeInIndex = 0; path = revflix.app; sourceTree = BUILT_PRODUCTS_DIR; };
		FC5A778026025B9C0073AB4C /* AppDelegate.swift */ = {isa = PBXFileReference; lastKnownFileType = sourcecode.swift; path = AppDelegate.swift; sourceTree = "<group>"; };
		FC5A778226025B9C0073AB4C /* SceneDelegate.swift */ = {isa = PBXFileReference; lastKnownFileType = sourcecode.swift; path = SceneDelegate.swift; sourceTree = "<group>"; };
		FC5A778426025B9C0073AB4C /* ViewController.swift */ = {isa = PBXFileReference; lastKnownFileType = sourcecode.swift; path = ViewController.swift; sourceTree = "<group>"; };
		FC5A778726025B9C0073AB4C /* Base */ = {isa = PBXFileReference; lastKnownFileType = file.storyboard; name = Base; path = Base.lproj/Main.storyboard; sourceTree = "<group>"; };
		FC5A778926025B9C0073AB4C /* Assets.xcassets */ = {isa = PBXFileReference; lastKnownFileType = folder.assetcatalog; path = Assets.xcassets; sourceTree = "<group>"; };
		FC5A778C26025B9C0073AB4C /* Base */ = {isa = PBXFileReference; lastKnownFileType = file.storyboard; name = Base; path = Base.lproj/LaunchScreen.storyboard; sourceTree = "<group>"; };
		FC5A778E26025B9C0073AB4C /* Info.plist */ = {isa = PBXFileReference; lastKnownFileType = text.plist.xml; path = Info.plist; sourceTree = "<group>"; };
/* End PBXFileReference section */

/* Begin PBXFrameworksBuildPhase section */
		FC5A777A26025B9C0073AB4C /* Frameworks */ = {
			isa = PBXFrameworksBuildPhase;
			buildActionMask = 2147483647;
			files = (
				920927652BA3FB2A29C9494E /* Pods_revflix.framework in Frameworks */,
			);
			runOnlyForDeploymentPostprocessing = 0;
		};
/* End PBXFrameworksBuildPhase section */

/* Begin PBXGroup section */
		5F4F30DC67DCEF0FC23EE5DB /* Frameworks */ = {
			isa = PBXGroup;
			children = (
				50B5B79A1F479EA4AC8052F5 /* Pods_revflix.framework */,
			);
			name = Frameworks;
			sourceTree = "<group>";
		};
		BC974922A8FCB567130B8228 /* Pods */ = {
			isa = PBXGroup;
			children = (
				DC432720EF26616560EB1BF4 /* Pods-revflix.debug.xcconfig */,
				E33A0190B06688175081749F /* Pods-revflix.release.xcconfig */,
			);
			name = Pods;
			path = Pods;
			sourceTree = "<group>";
		};
		FC5A777426025B9C0073AB4C = {
			isa = PBXGroup;
			children = (
				FC5A777F26025B9C0073AB4C /* revflix */,
				FC5A777E26025B9C0073AB4C /* Products */,
				BC974922A8FCB567130B8228 /* Pods */,
				5F4F30DC67DCEF0FC23EE5DB /* Frameworks */,
			);
			sourceTree = "<group>";
		};
		FC5A777E26025B9C0073AB4C /* Products */ = {
			isa = PBXGroup;
			children = (
				FC5A777D26025B9C0073AB4C /* revflix.app */,
			);
			name = Products;
			sourceTree = "<group>";
		};
		FC5A777F26025B9C0073AB4C /* revflix */ = {
			isa = PBXGroup;
			children = (
				FC5A778026025B9C0073AB4C /* AppDelegate.swift */,
				FC5A778226025B9C0073AB4C /* SceneDelegate.swift */,
				FC5A778426025B9C0073AB4C /* ViewController.swift */,
				FC5A778626025B9C0073AB4C /* Main.storyboard */,
				FC5A778926025B9C0073AB4C /* Assets.xcassets */,
				FC5A778B26025B9C0073AB4C /* LaunchScreen.storyboard */,
				FC5A778E26025B9C0073AB4C /* Info.plist */,
			);
			path = revflix;
			sourceTree = "<group>";
		};
/* End PBXGroup section */

/* Begin PBXNativeTarget section */
		FC5A777C26025B9C0073AB4C /* revflix */ = {
			isa = PBXNativeTarget;
			buildConfigurationList = FC5A779126025B9C0073AB4C /* Build configuration list for PBXNativeTarget "revflix" */;
			buildPhases = (
				13A147A62CF2C55895B39D26 /* [CP] Check Pods Manifest.lock */,
				FC5A777926025B9C0073AB4C /* Sources */,
				FC5A777A26025B9C0073AB4C /* Frameworks */,
				FC5A777B26025B9C0073AB4C /* Resources */,
				D2531C9866261E0702BC68A6 /* [CP] Embed Pods Frameworks */,
			);
			buildRules = (
			);
			dependencies = (
			);
			name = revflix;
			productName = revflix;
			productReference = FC5A777D26025B9C0073AB4C /* revflix.app */;
			productType = "com.apple.product-type.application";
		};
/* End PBXNativeTarget section */

/* Begin PBXProject section */
		FC5A777526025B9C0073AB4C /* Project object */ = {
			isa = PBXProject;
			attributes = {
				LastSwiftUpdateCheck = 1230;
				LastUpgradeCheck = 1230;
				TargetAttributes = {
					FC5A777C26025B9C0073AB4C = {
						CreatedOnToolsVersion = 12.3;
					};
				};
			};
			buildConfigurationList = FC5A777826025B9C0073AB4C /* Build configuration list for PBXProject "revflix" */;
			compatibilityVersion = "Xcode 9.3";
			developmentRegion = en;
			hasScannedForEncodings = 0;
			knownRegions = (
				en,
				Base,
			);
			mainGroup = FC5A777426025B9C0073AB4C;
			productRefGroup = FC5A777E26025B9C0073AB4C /* Products */;
			projectDirPath = "";
			projectRoot = "";
			targets = (
				FC5A777C26025B9C0073AB4C /* revflix */,
			);
		};
/* End PBXProject section */

/* Begin PBXResourcesBuildPhase section */
		FC5A777B26025B9C0073AB4C /* Resources */ = {
			isa = PBXResourcesBuildPhase;
			buildActionMask = 2147483647;
			files = (
				FC5A778D26025B9C0073AB4C /* LaunchScreen.storyboard in Resources */,
				FC5A778A26025B9C0073AB4C /* Assets.xcassets in Resources */,
				FC5A778826025B9C0073AB4C /* Main.storyboard in Resources */,
			);
			runOnlyForDeploymentPostprocessing = 0;
		};
/* End PBXResourcesBuildPhase section */

/* Begin PBXShellScriptBuildPhase section */
		13A147A62CF2C55895B39D26 /* [CP] Check Pods Manifest.lock */ = {
			isa = PBXShellScriptBuildPhase;
			buildActionMask = 2147483647;
			files = (
			);
			inputFileListPaths = (
			);
			inputPaths = (
				"${PODS_PODFILE_DIR_PATH}/Podfile.lock",
				"${PODS_ROOT}/Manifest.lock",
			);
			name = "[CP] Check Pods Manifest.lock";
			outputFileListPaths = (
			);
			outputPaths = (
				"$(DERIVED_FILE_DIR)/Pods-revflix-checkManifestLockResult.txt",
			);
			runOnlyForDeploymentPostprocessing = 0;
			shellPath = /bin/sh;
			shellScript = "diff \"${PODS_PODFILE_DIR_PATH}/Podfile.lock\" \"${PODS_ROOT}/Manifest.lock\" > /dev/null\nif [ $? != 0 ] ; then\n    # print error to STDERR\n    echo \"error: The sandbox is not in sync with the Podfile.lock. Run 'pod install' or update your CocoaPods installation.\" >&2\n    exit 1\nfi\n# This output is used by Xcode 'outputs' to avoid re-running this script phase.\necho \"SUCCESS\" > \"${SCRIPT_OUTPUT_FILE_0}\"\n";
			showEnvVarsInLog = 0;
		};
		D2531C9866261E0702BC68A6 /* [CP] Embed Pods Frameworks */ = {
			isa = PBXShellScriptBuildPhase;
			buildActionMask = 2147483647;
			files = (
			);
			inputFileListPaths = (
				"${PODS_ROOT}/Target Support Files/Pods-revflix/Pods-revflix-frameworks-${CONFIGURATION}-input-files.xcfilelist",
			);
			name = "[CP] Embed Pods Frameworks";
			outputFileListPaths = (
				"${PODS_ROOT}/Target Support Files/Pods-revflix/Pods-revflix-frameworks-${CONFIGURATION}-output-files.xcfilelist",
			);
			runOnlyForDeploymentPostprocessing = 0;
			shellPath = /bin/sh;
			shellScript = "\"${PODS_ROOT}/Target Support Files/Pods-revflix/Pods-revflix-frameworks.sh\"\n";
			showEnvVarsInLog = 0;
		};
/* End PBXShellScriptBuildPhase section */

/* Begin PBXSourcesBuildPhase section */
		FC5A777926025B9C0073AB4C /* Sources */ = {
			isa = PBXSourcesBuildPhase;
			buildActionMask = 2147483647;
			files = (
				FC5A778526025B9C0073AB4C /* ViewController.swift in Sources */,
				FC5A778126025B9C0073AB4C /* AppDelegate.swift in Sources */,
				FC5A778326025B9C0073AB4C /* SceneDelegate.swift in Sources */,
			);
			runOnlyForDeploymentPostprocessing = 0;
		};
/* End PBXSourcesBuildPhase section */

/* Begin PBXVariantGroup section */
		FC5A778626025B9C0073AB4C /* Main.storyboard */ = {
			isa = PBXVariantGroup;
			children = (
				FC5A778726025B9C0073AB4C /* Base */,
			);
			name = Main.storyboard;
			sourceTree = "<group>";
		};
		FC5A778B26025B9C0073AB4C /* LaunchScreen.storyboard */ = {
			isa = PBXVariantGroup;
			children = (
				FC5A778C26025B9C0073AB4C /* Base */,
			);
			name = LaunchScreen.storyboard;
			sourceTree = "<group>";
		};
/* End PBXVariantGroup section */

/* Begin XCBuildConfiguration section */
		FC5A778F26025B9C0073AB4C /* Debug */ = {
			isa = XCBuildConfiguration;
			buildSettings = {
				ALWAYS_SEARCH_USER_PATHS = NO;
				CLANG_ANALYZER_NONNULL = YES;
				CLANG_ANALYZER_NUMBER_OBJECT_CONVERSION = YES_AGGRESSIVE;
				CLANG_CXX_LANGUAGE_STANDARD = "gnu++14";
				CLANG_CXX_LIBRARY = "libc++";
				CLANG_ENABLE_MODULES = YES;
				CLANG_ENABLE_OBJC_ARC = YES;
				CLANG_ENABLE_OBJC_WEAK = YES;
				CLANG_WARN_BLOCK_CAPTURE_AUTORELEASING = YES;
				CLANG_WARN_BOOL_CONVERSION = YES;
				CLANG_WARN_COMMA = YES;
				CLANG_WARN_CONSTANT_CONVERSION = YES;
				CLANG_WARN_DEPRECATED_OBJC_IMPLEMENTATIONS = YES;
				CLANG_WARN_DIRECT_OBJC_ISA_USAGE = YES_ERROR;
				CLANG_WARN_DOCUMENTATION_COMMENTS = YES;
				CLANG_WARN_EMPTY_BODY = YES;
				CLANG_WARN_ENUM_CONVERSION = YES;
				CLANG_WARN_INFINITE_RECURSION = YES;
				CLANG_WARN_INT_CONVERSION = YES;
				CLANG_WARN_NON_LITERAL_NULL_CONVERSION = YES;
				CLANG_WARN_OBJC_IMPLICIT_RETAIN_SELF = YES;
				CLANG_WARN_OBJC_LITERAL_CONVERSION = YES;
				CLANG_WARN_OBJC_ROOT_CLASS = YES_ERROR;
				CLANG_WARN_QUOTED_INCLUDE_IN_FRAMEWORK_HEADER = YES;
				CLANG_WARN_RANGE_LOOP_ANALYSIS = YES;
				CLANG_WARN_STRICT_PROTOTYPES = YES;
				CLANG_WARN_SUSPICIOUS_MOVE = YES;
				CLANG_WARN_UNGUARDED_AVAILABILITY = YES_AGGRESSIVE;
				CLANG_WARN_UNREACHABLE_CODE = YES;
				CLANG_WARN__DUPLICATE_METHOD_MATCH = YES;
				COPY_PHASE_STRIP = NO;
				DEBUG_INFORMATION_FORMAT = dwarf;
				ENABLE_STRICT_OBJC_MSGSEND = YES;
				ENABLE_TESTABILITY = YES;
				GCC_C_LANGUAGE_STANDARD = gnu11;
				GCC_DYNAMIC_NO_PIC = NO;
				GCC_NO_COMMON_BLOCKS = YES;
				GCC_OPTIMIZATION_LEVEL = 0;
				GCC_PREPROCESSOR_DEFINITIONS = (
					"DEBUG=1",
					"$(inherited)",
				);
				GCC_WARN_64_TO_32_BIT_CONVERSION = YES;
				GCC_WARN_ABOUT_RETURN_TYPE = YES_ERROR;
				GCC_WARN_UNDECLARED_SELECTOR = YES;
				GCC_WARN_UNINITIALIZED_AUTOS = YES_AGGRESSIVE;
				GCC_WARN_UNUSED_FUNCTION = YES;
				GCC_WARN_UNUSED_VARIABLE = YES;
				IPHONEOS_DEPLOYMENT_TARGET = 14.3;
				MTL_ENABLE_DEBUG_INFO = INCLUDE_SOURCE;
				MTL_FAST_MATH = YES;
				ONLY_ACTIVE_ARCH = YES;
				SDKROOT = iphoneos;
				SWIFT_ACTIVE_COMPILATION_CONDITIONS = DEBUG;
				SWIFT_OPTIMIZATION_LEVEL = "-Onone";
			};
			name = Debug;
		};
		FC5A779026025B9C0073AB4C /* Release */ = {
			isa = XCBuildConfiguration;
			buildSettings = {
				ALWAYS_SEARCH_USER_PATHS = NO;
				CLANG_ANALYZER_NONNULL = YES;
				CLANG_ANALYZER_NUMBER_OBJECT_CONVERSION = YES_AGGRESSIVE;
				CLANG_CXX_LANGUAGE_STANDARD = "gnu++14";
				CLANG_CXX_LIBRARY = "libc++";
				CLANG_ENABLE_MODULES = YES;
				CLANG_ENABLE_OBJC_ARC = YES;
				CLANG_ENABLE_OBJC_WEAK = YES;
				CLANG_WARN_BLOCK_CAPTURE_AUTORELEASING = YES;
				CLANG_WARN_BOOL_CONVERSION = YES;
				CLANG_WARN_COMMA = YES;
				CLANG_WARN_CONSTANT_CONVERSION = YES;
				CLANG_WARN_DEPRECATED_OBJC_IMPLEMENTATIONS = YES;
				CLANG_WARN_DIRECT_OBJC_ISA_USAGE = YES_ERROR;
				CLANG_WARN_DOCUMENTATION_COMMENTS = YES;
				CLANG_WARN_EMPTY_BODY = YES;
				CLANG_WARN_ENUM_CONVERSION = YES;
				CLANG_WARN_INFINITE_RECURSION = YES;
				CLANG_WARN_INT_CONVERSION = YES;
				CLANG_WARN_NON_LITERAL_NULL_CONVERSION = YES;
				CLANG_WARN_OBJC_IMPLICIT_RETAIN_SELF = YES;
				CLANG_WARN_OBJC_LITERAL_CONVERSION = YES;
				CLANG_WARN_OBJC_ROOT_CLASS = YES_ERROR;
				CLANG_WARN_QUOTED_INCLUDE_IN_FRAMEWORK_HEADER = YES;
				CLANG_WARN_RANGE_LOOP_ANALYSIS = YES;
				CLANG_WARN_STRICT_PROTOTYPES = YES;
				CLANG_WARN_SUSPICIOUS_MOVE = YES;
				CLANG_WARN_UNGUARDED_AVAILABILITY = YES_AGGRESSIVE;
				CLANG_WARN_UNREACHABLE_CODE = YES;
				CLANG_WARN__DUPLICATE_METHOD_MATCH = YES;
				COPY_PHASE_STRIP = NO;
				DEBUG_INFORMATION_FORMAT = "dwarf-with-dsym";
				ENABLE_NS_ASSERTIONS = NO;
				ENABLE_STRICT_OBJC_MSGSEND = YES;
				GCC_C_LANGUAGE_STANDARD = gnu11;
				GCC_NO_COMMON_BLOCKS = YES;
				GCC_WARN_64_TO_32_BIT_CONVERSION = YES;
				GCC_WARN_ABOUT_RETURN_TYPE = YES_ERROR;
				GCC_WARN_UNDECLARED_SELECTOR = YES;
				GCC_WARN_UNINITIALIZED_AUTOS = YES_AGGRESSIVE;
				GCC_WARN_UNUSED_FUNCTION = YES;
				GCC_WARN_UNUSED_VARIABLE = YES;
				IPHONEOS_DEPLOYMENT_TARGET = 14.3;
				MTL_ENABLE_DEBUG_INFO = NO;
				MTL_FAST_MATH = YES;
				SDKROOT = iphoneos;
				SWIFT_COMPILATION_MODE = wholemodule;
				SWIFT_OPTIMIZATION_LEVEL = "-O";
				VALIDATE_PRODUCT = YES;
			};
			name = Release;
		};
		FC5A779226025B9C0073AB4C /* Debug */ = {
			isa = XCBuildConfiguration;
			baseConfigurationReference = DC432720EF26616560EB1BF4 /* Pods-revflix.debug.xcconfig */;
			buildSettings = {
				ASSETCATALOG_COMPILER_APPICON_NAME = AppIcon;
				ASSETCATALOG_COMPILER_GLOBAL_ACCENT_COLOR_NAME = AccentColor;
				CODE_SIGN_STYLE = Automatic;
				DEVELOPMENT_TEAM = MW3C4C28FJ;
				INFOPLIST_FILE = revflix/Info.plist;
				LD_RUNPATH_SEARCH_PATHS = (
					"$(inherited)",
					"@executable_path/Frameworks",
				);
				PRODUCT_BUNDLE_IDENTIFIER = com.mobilex.revenuex.revflix;
				PRODUCT_NAME = "$(TARGET_NAME)";
				SWIFT_VERSION = 5.0;
				TARGETED_DEVICE_FAMILY = "1,2";
			};
			name = Debug;
		};
		FC5A779326025B9C0073AB4C /* Release */ = {
			isa = XCBuildConfiguration;
			baseConfigurationReference = E33A0190B06688175081749F /* Pods-revflix.release.xcconfig */;
			buildSettings = {
				ASSETCATALOG_COMPILER_APPICON_NAME = AppIcon;
				ASSETCATALOG_COMPILER_GLOBAL_ACCENT_COLOR_NAME = AccentColor;
				CODE_SIGN_STYLE = Automatic;
				DEVELOPMENT_TEAM = MW3C4C28FJ;
				INFOPLIST_FILE = revflix/Info.plist;
				LD_RUNPATH_SEARCH_PATHS = (
					"$(inherited)",
					"@executable_path/Frameworks",
				);
				PRODUCT_BUNDLE_IDENTIFIER = com.mobilex.revenuex.revflix;
				PRODUCT_NAME = "$(TARGET_NAME)";
				SWIFT_VERSION = 5.0;
				TARGETED_DEVICE_FAMILY = "1,2";
			};
			name = Release;
		};
/* End XCBuildConfiguration section */

/* Begin XCConfigurationList section */
		FC5A777826025B9C0073AB4C /* Build configuration list for PBXProject "revflix" */ = {
			isa = XCConfigurationList;
			buildConfigurations = (
				FC5A778F26025B9C0073AB4C /* Debug */,
				FC5A779026025B9C0073AB4C /* Release */,
			);
			defaultConfigurationIsVisible = 0;
			defaultConfigurationName = Release;
		};
		FC5A779126025B9C0073AB4C /* Build configuration list for PBXNativeTarget "revflix" */ = {
			isa = XCConfigurationList;
			buildConfigurations = (
				FC5A779226025B9C0073AB4C /* Debug */,
				FC5A779326025B9C0073AB4C /* Release */,
			);
			defaultConfigurationIsVisible = 0;
			defaultConfigurationName = Release;
		};
/* End XCConfigurationList section */
	};
	rootObject = FC5A777526025B9C0073AB4C /* Project object */;
}
